
Microsoft Visual Studio Solution File, Format Version 11.00
# Visual Studio 2010
Project("{FAE04EC0-301F-11D3-BF4B-00C04F79EFBC}") = "Pomowa", "Pomowa\Pomowa.csproj", "{0694B751-845D-47AF-B918-AFD716E01DCF}"
EndProject
Project("{54435603-DBB4-11D2-8724-00A0C9A8B90C}") = "Setup", "Setup\Setup.vdproj", "{4027C678-FE69-403B-8E2A-F8C73125C028}"
EndProject
Global
	GlobalSection(SolutionConfigurationPlatforms) = preSolution
		Debug|x86 = Debug|x86
		Release|x86 = Release|x86
	EndGlobalSection
	GlobalSection(ProjectConfigurationPlatforms) = postSolution
		{0694B751-845D-47AF-B918-AFD716E01DCF}.Debug|x86.ActiveCfg = Debug|x86
		{0694B751-845D-47AF-B918-AFD716E01DCF}.Debug|x86.Build.0 = Debug|x86
		{0694B751-845D-47AF-B918-AFD716E01DCF}.Release|x86.ActiveCfg = Release|x86
		{0694B751-845D-47AF-B918-AFD716E01DCF}.Release|x86.Build.0 = Release|x86
		{4027C678-FE69-403B-8E2A-F8C73125C028}.Debug|x86.ActiveCfg = Debug
		{4027C678-FE69-403B-8E2A-F8C73125C028}.Release|x86.ActiveCfg = Release
	EndGlobalSection
	GlobalSection(SolutionProperties) = preSolution
		HideSolutionNode = FALSE
	EndGlobalSection
EndGlobal
